MX-106R_Ankle_Pitch_Left:
  Area: 0.016855820032296128
  CoM: [-0.015732946879845423, 0.0010215890380253284, -3.627402256075789e-06]
  Tensor:
  - [0.00026660294493654693, 1.2276424221206082e-05, 1.8980882499940526e-08]
  - [1.2276424221206082e-05, 0.0003780020443508713, 2.6699686262563548e-08]
  - [1.8980882499940526e-08, 2.6699686262563548e-08, 0.0004780762842777755]
  Volume: 8.652817376524783e-05
  bBoxMax: [0.014499999999350565, 0.02598244161478375, 0.020100000000000055]
  bBoxMin: [-0.05060000000000021, -0.029317558385216335, -0.0201000000000001]
MX-106R_Ankle_Roll_Left:
  Area: 0.016855820032296128
  CoM: [-0.015732946879845392, 3.6274022560582593e-06, -0.043948846924174986]
  Tensor:
  - [0.00026660294493654476, -1.8980882499942286e-08, 1.2276424221206053e-05]
  - [-1.8980882499942286e-08, 0.0004780762842777726, -2.66996862625249e-08]
  - [1.2276424221206053e-05, -2.66996862625249e-08, 0.0003780020443508734]
  Volume: 8.652817376524783e-05
  bBoxMax: [0.014499999999350477, 0.02010000000000002, -0.018987994347416562]
  bBoxMin: [-0.05060000000000005, -0.020100000000000003, -0.07428799434741666]
