MX-106R_Ankle_Pitch_Left:
  Area: 0.016855820032296128
  CoM:
  - 3.6274022560518777e-06
  - -0.01573294687984536
  - 0.0004608525767583823
  Tensor:
  - - 47807.6284277773
    - -1.8980882499913725
    - 2.669968626257773
  - - -1.8980882499913725
    - 26660.294493654477
    - -1227.6424221205946
  - - 2.669968626257773
    - -1227.6424221205946
    - 37800.204435087195
  Volume: 8.652817376524783e-05
  bBoxMax:
  - 0.020100000000000003
  - 0.014499999999350503
  - 0.0308
  bBoxMin:
  - -0.020100000000000003
  - -0.050600000000000006
  - -0.0245
MX-106R_Ankle_Roll_Left:
  Area: 0.016855820032296128
  CoM:
  - 3.6274022560518777e-06
  - -0.01573294687984536
  - 0.0004608525767583823
  Tensor:
  - - 47807.6284277773
    - -1.8980882499913725
    - 2.669968626257773
  - - -1.8980882499913725
    - 26660.294493654477
    - -1227.6424221205946
  - - 2.669968626257773
    - -1227.6424221205946
    - 37800.204435087195
  Volume: 8.652817376524783e-05
  bBoxMax:
  - 0.020100000000000003
  - 0.014499999999350503
  - 0.0308
  bBoxMin:
  - -0.020100000000000003
  - -0.050600000000000006
  - -0.0245
